
Microsoft Visual Studio Solution File, Format Version 12.00
# Visual Studio 15
VisualStudioVersion = 15.0.27130.2036
MinimumVisualStudioVersion = 10.0.40219.1
Project("{FAE04EC0-301F-11D3-BF4B-00C04F79EFBC}") = "WebApplication6", "WebApplication6\WebApplication6.csproj", "{981F6892-492D-4F7B-B9F2-35772904FB83}"
EndProject
Global
	GlobalSection(SolutionConfigurationPlatforms) = preSolution
		Debug|Any CPU = Debug|Any CPU
		Release|Any CPU = Release|Any CPU
	EndGlobalSection
	GlobalSection(ProjectConfigurationPlatforms) = postSolution
		{981F6892-492D-4F7B-B9F2-35772904FB83}.Debug|Any CPU.ActiveCfg = Debug|Any CPU
		{981F6892-492D-4F7B-B9F2-35772904FB83}.Debug|Any CPU.Build.0 = Debug|Any CPU
		{981F6892-492D-4F7B-B9F2-35772904FB83}.Release|Any CPU.ActiveCfg = Release|Any CPU
		{981F6892-492D-4F7B-B9F2-35772904FB83}.Release|Any CPU.Build.0 = Release|Any CPU
	EndGlobalSection
	GlobalSection(SolutionProperties) = preSolution
		HideSolutionNode = FALSE
	EndGlobalSection
	GlobalSection(ExtensibilityGlobals) = postSolution
		SolutionGuid = {8090E544-46E4-4761-9C28-F8584245E3D8}
	EndGlobalSection
EndGlobal
